// !$*UTF8*$!
{
	archiveVersion = 1;
	classes = {
	};
	objectVersion = 55;
	objects = {

/* Begin PBXBuildFile section */
		0E5C653004EF9288E5C97CFB /* Pods_RedBook.framework in Frameworks */ = {isa = PBXBuildFile; fileRef = 273311E27A0B8EBD82CA06B4 /* Pods_RedBook.framework */; };
		1833C45428F43BB700011621 /* RootViewController.swift in Sources */ = {isa = PBXBuildFile; fileRef = 1833C45328F43BB700011621 /* RootViewController.swift */; };
		1833C45728F43DBD00011621 /* HomeViewController.swift in Sources */ = {isa = PBXBuildFile; fileRef = 1833C45628F43DBD00011621 /* HomeViewController.swift */; };
		1833C45928F43EC400011621 /* RootTabBarItem.swift in Sources */ = {isa = PBXBuildFile; fileRef = 1833C45828F43EC400011621 /* RootTabBarItem.swift */; };
		18C359D0291CF0EE0056E259 /* YNavigationController.swift in Sources */ = {isa = PBXBuildFile; fileRef = 18C359CF291CF0EE0056E259 /* YNavigationController.swift */; };
		18C359D2291D14690056E259 /* YNavigationControllerStyleProtocol.swift in Sources */ = {isa = PBXBuildFile; fileRef = 18C359D1291D14690056E259 /* YNavigationControllerStyleProtocol.swift */; };
		18C359D5291D17BD0056E259 /* DetailViewController.swift in Sources */ = {isa = PBXBuildFile; fileRef = 18C359D4291D17BD0056E259 /* DetailViewController.swift */; };
		18C359D8291E3FA50056E259 /* AppConstants.swift in Sources */ = {isa = PBXBuildFile; fileRef = 18C359D7291E3FA50056E259 /* AppConstants.swift */; };
		18C359DA291E6C490056E259 /* HomeRecommendViewController.swift in Sources */ = {isa = PBXBuildFile; fileRef = 18C359D9291E6C490056E259 /* HomeRecommendViewController.swift */; };
		18C359DF291E6D3C0056E259 /* HomeRecommendCell.swift in Sources */ = {isa = PBXBuildFile; fileRef = 18C359DE291E6D3C0056E259 /* HomeRecommendCell.swift */; };
		18C9FD3B294C6F06000F564A /* MeViewController.swift in Sources */ = {isa = PBXBuildFile; fileRef = 18C9FD3A294C6F06000F564A /* MeViewController.swift */; };
		18C9FD3E294CA1B9000F564A /* YPageView.swift in Sources */ = {isa = PBXBuildFile; fileRef = 18C9FD3D294CA1B9000F564A /* YPageView.swift */; };
		18E37484297686D400D23807 /* YPageItemView.swift in Sources */ = {isa = PBXBuildFile; fileRef = 18E37483297686D400D23807 /* YPageItemView.swift */; };
		18E3748629769A0300D23807 /* YPageSegmentView.swift in Sources */ = {isa = PBXBuildFile; fileRef = 18E3748529769A0300D23807 /* YPageSegmentView.swift */; };
		18E3748929769C2D00D23807 /* YPageSegmentBaseCell.swift in Sources */ = {isa = PBXBuildFile; fileRef = 18E3748829769C2D00D23807 /* YPageSegmentBaseCell.swift */; };
		18E3748B297794F200D23807 /* YPageSegmentItem.swift in Sources */ = {isa = PBXBuildFile; fileRef = 18E3748A297794F200D23807 /* YPageSegmentItem.swift */; };
		18FB07EE28F1A52F00F02855 /* AppDelegate.swift in Sources */ = {isa = PBXBuildFile; fileRef = 18FB07ED28F1A52F00F02855 /* AppDelegate.swift */; };
		18FB07F728F1A53100F02855 /* Assets.xcassets in Resources */ = {isa = PBXBuildFile; fileRef = 18FB07F628F1A53100F02855 /* Assets.xcassets */; };
		18FB07FA28F1A53100F02855 /* LaunchScreen.storyboard in Resources */ = {isa = PBXBuildFile; fileRef = 18FB07F828F1A53100F02855 /* LaunchScreen.storyboard */; };
/* End PBXBuildFile section */

/* Begin PBXFileReference section */
		1833C45328F43BB700011621 /* RootViewController.swift */ = {isa = PBXFileReference; lastKnownFileType = sourcecode.swift; path = RootViewController.swift; sourceTree = "<group>"; };
		1833C45628F43DBD00011621 /* HomeViewController.swift */ = {isa = PBXFileReference; lastKnownFileType = sourcecode.swift; path = HomeViewController.swift; sourceTree = "<group>"; };
		1833C45828F43EC400011621 /* RootTabBarItem.swift */ = {isa = PBXFileReference; lastKnownFileType = sourcecode.swift; path = RootTabBarItem.swift; sourceTree = "<group>"; };
		18C359CF291CF0EE0056E259 /* YNavigationController.swift */ = {isa = PBXFileReference; lastKnownFileType = sourcecode.swift; path = YNavigationController.swift; sourceTree = "<group>"; };
		18C359D1291D14690056E259 /* YNavigationControllerStyleProtocol.swift */ = {isa = PBXFileReference; lastKnownFileType = sourcecode.swift; path = YNavigationControllerStyleProtocol.swift; sourceTree = "<group>"; };
		18C359D4291D17BD0056E259 /* DetailViewController.swift */ = {isa = PBXFileReference; lastKnownFileType = sourcecode.swift; path = DetailViewController.swift; sourceTree = "<group>"; };
		18C359D7291E3FA50056E259 /* AppConstants.swift */ = {isa = PBXFileReference; lastKnownFileType = sourcecode.swift; path = AppConstants.swift; sourceTree = "<group>"; };
		18C359D9291E6C490056E259 /* HomeRecommendViewController.swift */ = {isa = PBXFileReference; lastKnownFileType = sourcecode.swift; path = HomeRecommendViewController.swift; sourceTree = "<group>"; };
		18C359DE291E6D3C0056E259 /* HomeRecommendCell.swift */ = {isa = PBXFileReference; lastKnownFileType = sourcecode.swift; path = HomeRecommendCell.swift; sourceTree = "<group>"; };
		18C9FD3A294C6F06000F564A /* MeViewController.swift */ = {isa = PBXFileReference; lastKnownFileType = sourcecode.swift; path = MeViewController.swift; sourceTree = "<group>"; };
		18C9FD3D294CA1B9000F564A /* YPageView.swift */ = {isa = PBXFileReference; lastKnownFileType = sourcecode.swift; path = YPageView.swift; sourceTree = "<group>"; };
		18E37483297686D400D23807 /* YPageItemView.swift */ = {isa = PBXFileReference; lastKnownFileType = sourcecode.swift; path = YPageItemView.swift; sourceTree = "<group>"; };
		18E3748529769A0300D23807 /* YPageSegmentView.swift */ = {isa = PBXFileReference; lastKnownFileType = sourcecode.swift; path = YPageSegmentView.swift; sourceTree = "<group>"; };
		18E3748829769C2D00D23807 /* YPageSegmentBaseCell.swift */ = {isa = PBXFileReference; lastKnownFileType = sourcecode.swift; path = YPageSegmentBaseCell.swift; sourceTree = "<group>"; };
		18E3748A297794F200D23807 /* YPageSegmentItem.swift */ = {isa = PBXFileReference; lastKnownFileType = sourcecode.swift; path = YPageSegmentItem.swift; sourceTree = "<group>"; };
		18FB07EA28F1A52F00F02855 /* RedBook.app */ = {isa = PBXFileReference; explicitFileType = wrapper.application; includeInIndex = 0; path = RedBook.app; sourceTree = BUILT_PRODUCTS_DIR; };
		18FB07ED28F1A52F00F02855 /* AppDelegate.swift */ = {isa = PBXFileReference; lastKnownFileType = sourcecode.swift; path = AppDelegate.swift; sourceTree = "<group>"; };
		18FB07F628F1A53100F02855 /* Assets.xcassets */ = {isa = PBXFileReference; lastKnownFileType = folder.assetcatalog; path = Assets.xcassets; sourceTree = "<group>"; };
		18FB07F928F1A53100F02855 /* Base */ = {isa = PBXFileReference; lastKnownFileType = file.storyboard; name = Base; path = Base.lproj/LaunchScreen.storyboard; sourceTree = "<group>"; };
		18FB07FB28F1A53100F02855 /* Info.plist */ = {isa = PBXFileReference; lastKnownFileType = text.plist.xml; path = Info.plist; sourceTree = "<group>"; };
		273311E27A0B8EBD82CA06B4 /* Pods_RedBook.framework */ = {isa = PBXFileReference; explicitFileType = wrapper.framework; includeInIndex = 0; path = Pods_RedBook.framework; sourceTree = BUILT_PRODUCTS_DIR; };
		6B9B14FA361A722799CDB928 /* Pods-RedBook.release.xcconfig */ = {isa = PBXFileReference; includeInIndex = 1; lastKnownFileType = text.xcconfig; name = "Pods-RedBook.release.xcconfig"; path = "Target Support Files/Pods-RedBook/Pods-RedBook.release.xcconfig"; sourceTree = "<group>"; };
		AEB2C0E68F8DC247CAD7D4DB /* Pods-RedBook.debug.xcconfig */ = {isa = PBXFileReference; includeInIndex = 1; lastKnownFileType = text.xcconfig; name = "Pods-RedBook.debug.xcconfig"; path = "Target Support Files/Pods-RedBook/Pods-RedBook.debug.xcconfig"; sourceTree = "<group>"; };
/* End PBXFileReference section */

/* Begin PBXFrameworksBuildPhase section */
		18FB07E728F1A52F00F02855 /* Frameworks */ = {
			isa = PBXFrameworksBuildPhase;
			buildActionMask = 2147483647;
			files = (
				0E5C653004EF9288E5C97CFB /* Pods_RedBook.framework in Frameworks */,
			);
			runOnlyForDeploymentPostprocessing = 0;
		};
/* End PBXFrameworksBuildPhase section */

/* Begin PBXGroup section */
		0A9BC374CAB2F4D5345C34EC /* Pods */ = {
			isa = PBXGroup;
			children = (
				AEB2C0E68F8DC247CAD7D4DB /* Pods-RedBook.debug.xcconfig */,
				6B9B14FA361A722799CDB928 /* Pods-RedBook.release.xcconfig */,
			);
			path = Pods;
			sourceTree = "<group>";
		};
		1833C45228F43B1D00011621 /* Root */ = {
			isa = PBXGroup;
			children = (
				1833C45328F43BB700011621 /* RootViewController.swift */,
				1833C45828F43EC400011621 /* RootTabBarItem.swift */,
			);
			path = Root;
			sourceTree = "<group>";
		};
		1833C45528F43D9800011621 /* Home */ = {
			isa = PBXGroup;
			children = (
				18C359DB291E6C600056E259 /* SubPages */,
				1833C45628F43DBD00011621 /* HomeViewController.swift */,
			);
			path = Home;
			sourceTree = "<group>";
		};
		1833C45D28F44B7A00011621 /* Resources */ = {
			isa = PBXGroup;
			children = (
				18FB07F628F1A53100F02855 /* Assets.xcassets */,
				18FB07F828F1A53100F02855 /* LaunchScreen.storyboard */,
			);
			path = Resources;
			sourceTree = "<group>";
		};
		18C359CD291CDED50056E259 /* Components */ = {
			isa = PBXGroup;
			children = (
				18C359CE291CF0C60056E259 /* BaseNavigationController */,
			);
			path = Components;
			sourceTree = "<group>";
		};
		18C359CE291CF0C60056E259 /* BaseNavigationController */ = {
			isa = PBXGroup;
			children = (
				18C359CF291CF0EE0056E259 /* YNavigationController.swift */,
				18C359D1291D14690056E259 /* YNavigationControllerStyleProtocol.swift */,
			);
			path = BaseNavigationController;
			sourceTree = "<group>";
		};
		18C359D3291D179C0056E259 /* Detail */ = {
			isa = PBXGroup;
			children = (
				18C359D4291D17BD0056E259 /* DetailViewController.swift */,
			);
			path = Detail;
			sourceTree = "<group>";
		};
		18C359D6291E3F750056E259 /* Defines */ = {
			isa = PBXGroup;
			children = (
				18C359D7291E3FA50056E259 /* AppConstants.swift */,
			);
			path = Defines;
			sourceTree = "<group>";
		};
		18C359DB291E6C600056E259 /* SubPages */ = {
			isa = PBXGroup;
			children = (
				18C359DC291E6C770056E259 /* Recommend */,
			);
			path = SubPages;
			sourceTree = "<group>";
		};
		18C359DC291E6C770056E259 /* Recommend */ = {
			isa = PBXGroup;
			children = (
				18C359DD291E6D160056E259 /* Views */,
				18C359D9291E6C490056E259 /* HomeRecommendViewController.swift */,
			);
			path = Recommend;
			sourceTree = "<group>";
		};
		18C359DD291E6D160056E259 /* Views */ = {
			isa = PBXGroup;
			children = (
				18C359DE291E6D3C0056E259 /* HomeRecommendCell.swift */,
			);
			path = Views;
			sourceTree = "<group>";
		};
		18C9FD38294C6EE5000F564A /* Me */ = {
			isa = PBXGroup;
			children = (
				18C9FD3C294CA19E000F564A /* Views */,
				18C9FD39294C6EF1000F564A /* ViewController */,
			);
			path = Me;
			sourceTree = "<group>";
		};
		18C9FD39294C6EF1000F564A /* ViewController */ = {
			isa = PBXGroup;
			children = (
				18C9FD3A294C6F06000F564A /* MeViewController.swift */,
			);
			path = ViewController;
			sourceTree = "<group>";
		};
		18C9FD3C294CA19E000F564A /* Views */ = {
			isa = PBXGroup;
			children = (
				18E3748729769A0700D23807 /* Segment */,
				18C9FD3D294CA1B9000F564A /* YPageView.swift */,
				18E37483297686D400D23807 /* YPageItemView.swift */,
			);
			path = Views;
			sourceTree = "<group>";
		};
		18E3748729769A0700D23807 /* Segment */ = {
			isa = PBXGroup;
			children = (
				18E3748529769A0300D23807 /* YPageSegmentView.swift */,
				18E3748829769C2D00D23807 /* YPageSegmentBaseCell.swift */,
				18E3748A297794F200D23807 /* YPageSegmentItem.swift */,
			);
			path = Segment;
			sourceTree = "<group>";
		};
		18FB07E128F1A52E00F02855 = {
			isa = PBXGroup;
			children = (
				18FB07EC28F1A52F00F02855 /* RedBook */,
				18FB07EB28F1A52F00F02855 /* Products */,
				0A9BC374CAB2F4D5345C34EC /* Pods */,
				F997F5C21F7831986A926294 /* Frameworks */,
			);
			sourceTree = "<group>";
		};
		18FB07EB28F1A52F00F02855 /* Products */ = {
			isa = PBXGroup;
			children = (
				18FB07EA28F1A52F00F02855 /* RedBook.app */,
			);
			name = Products;
			sourceTree = "<group>";
		};
		18FB07EC28F1A52F00F02855 /* RedBook */ = {
			isa = PBXGroup;
			children = (
				18C9FD38294C6EE5000F564A /* Me */,
				18C359D6291E3F750056E259 /* Defines */,
				18C359D3291D179C0056E259 /* Detail */,
				18C359CD291CDED50056E259 /* Components */,
				18FB07FB28F1A53100F02855 /* Info.plist */,
				18FB07ED28F1A52F00F02855 /* AppDelegate.swift */,
				1833C45528F43D9800011621 /* Home */,
				1833C45D28F44B7A00011621 /* Resources */,
				1833C45228F43B1D00011621 /* Root */,
			);
			path = RedBook;
			sourceTree = "<group>";
		};
		F997F5C21F7831986A926294 /* Frameworks */ = {
			isa = PBXGroup;
			children = (
				273311E27A0B8EBD82CA06B4 /* Pods_RedBook.framework */,
			);
			name = Frameworks;
			sourceTree = "<group>";
		};
/* End PBXGroup section */

/* Begin PBXNativeTarget section */
		18FB07E928F1A52F00F02855 /* RedBook */ = {
			isa = PBXNativeTarget;
			buildConfigurationList = 18FB07FE28F1A53100F02855 /* Build configuration list for PBXNativeTarget "RedBook" */;
			buildPhases = (
				F699377A76C2FEE763726F64 /* [CP] Check Pods Manifest.lock */,
				18FB07E628F1A52F00F02855 /* Sources */,
				18FB07E728F1A52F00F02855 /* Frameworks */,
				18FB07E828F1A52F00F02855 /* Resources */,
			);
			buildRules = (
			);
			dependencies = (
			);
			name = RedBook;
			productName = RedBook;
			productReference = 18FB07EA28F1A52F00F02855 /* RedBook.app */;
			productType = "com.apple.product-type.application";
		};
/* End PBXNativeTarget section */

/* Begin PBXProject section */
		18FB07E228F1A52E00F02855 /* Project object */ = {
			isa = PBXProject;
			attributes = {
				BuildIndependentTargetsInParallel = 1;
				LastSwiftUpdateCheck = 1400;
				LastUpgradeCheck = 1400;
				TargetAttributes = {
					18FB07E928F1A52F00F02855 = {
						CreatedOnToolsVersion = 14.0;
					};
				};
			};
			buildConfigurationList = 18FB07E528F1A52E00F02855 /* Build configuration list for PBXProject "RedBook" */;
			compatibilityVersion = "Xcode 13.0";
			developmentRegion = en;
			hasScannedForEncodings = 0;
			knownRegions = (
				en,
				Base,
			);
			mainGroup = 18FB07E128F1A52E00F02855;
			productRefGroup = 18FB07EB28F1A52F00F02855 /* Products */;
			projectDirPath = "";
			projectRoot = "";
			targets = (
				18FB07E928F1A52F00F02855 /* RedBook */,
			);
		};
/* End PBXProject section */

/* Begin PBXResourcesBuildPhase section */
		18FB07E828F1A52F00F02855 /* Resources */ = {
			isa = PBXResourcesBuildPhase;
			buildActionMask = 2147483647;
			files = (
				18FB07FA28F1A53100F02855 /* LaunchScreen.storyboard in Resources */,
				18FB07F728F1A53100F02855 /* Assets.xcassets in Resources */,
			);
			runOnlyForDeploymentPostprocessing = 0;
		};
/* End PBXResourcesBuildPhase section */

/* Begin PBXShellScriptBuildPhase section */
		F699377A76C2FEE763726F64 /* [CP] Check Pods Manifest.lock */ = {
			isa = PBXShellScriptBuildPhase;
			buildActionMask = 2147483647;
			files = (
			);
			inputFileListPaths = (
			);
			inputPaths = (
				"${PODS_PODFILE_DIR_PATH}/Podfile.lock",
				"${PODS_ROOT}/Manifest.lock",
			);
			name = "[CP] Check Pods Manifest.lock";
			outputFileListPaths = (
			);
			outputPaths = (
				"$(DERIVED_FILE_DIR)/Pods-RedBook-checkManifestLockResult.txt",
			);
			runOnlyForDeploymentPostprocessing = 0;
			shellPath = /bin/sh;
			shellScript = "diff \"${PODS_PODFILE_DIR_PATH}/Podfile.lock\" \"${PODS_ROOT}/Manifest.lock\" > /dev/null\nif [ $? != 0 ] ; then\n    # print error to STDERR\n    echo \"error: The sandbox is not in sync with the Podfile.lock. Run 'pod install' or update your CocoaPods installation.\" >&2\n    exit 1\nfi\n# This output is used by Xcode 'outputs' to avoid re-running this script phase.\necho \"SUCCESS\" > \"${SCRIPT_OUTPUT_FILE_0}\"\n";
			showEnvVarsInLog = 0;
		};
/* End PBXShellScriptBuildPhase section */

/* Begin PBXSourcesBuildPhase section */
		18FB07E628F1A52F00F02855 /* Sources */ = {
			isa = PBXSourcesBuildPhase;
			buildActionMask = 2147483647;
			files = (
				18E3748929769C2D00D23807 /* YPageSegmentBaseCell.swift in Sources */,
				1833C45928F43EC400011621 /* RootTabBarItem.swift in Sources */,
				18C9FD3B294C6F06000F564A /* MeViewController.swift in Sources */,
				1833C45428F43BB700011621 /* RootViewController.swift in Sources */,
				18FB07EE28F1A52F00F02855 /* AppDelegate.swift in Sources */,
				18E37484297686D400D23807 /* YPageItemView.swift in Sources */,
				18C359DA291E6C490056E259 /* HomeRecommendViewController.swift in Sources */,
				18C359D8291E3FA50056E259 /* AppConstants.swift in Sources */,
				18E3748629769A0300D23807 /* YPageSegmentView.swift in Sources */,
				18E3748B297794F200D23807 /* YPageSegmentItem.swift in Sources */,
				18C359DF291E6D3C0056E259 /* HomeRecommendCell.swift in Sources */,
				18C9FD3E294CA1B9000F564A /* YPageView.swift in Sources */,
				18C359D0291CF0EE0056E259 /* YNavigationController.swift in Sources */,
				18C359D2291D14690056E259 /* YNavigationControllerStyleProtocol.swift in Sources */,
				1833C45728F43DBD00011621 /* HomeViewController.swift in Sources */,
				18C359D5291D17BD0056E259 /* DetailViewController.swift in Sources */,
			);
			runOnlyForDeploymentPostprocessing = 0;
		};
/* End PBXSourcesBuildPhase section */

/* Begin PBXVariantGroup section */
		18FB07F828F1A53100F02855 /* LaunchScreen.storyboard */ = {
			isa = PBXVariantGroup;
			children = (
				18FB07F928F1A53100F02855 /* Base */,
			);
			name = LaunchScreen.storyboard;
			sourceTree = "<group>";
		};
/* End PBXVariantGroup section */

/* Begin XCBuildConfiguration section */
		18FB07FC28F1A53100F02855 /* Debug */ = {
			isa = XCBuildConfiguration;
			buildSettings = {
				ALWAYS_SEARCH_USER_PATHS = NO;
				CLANG_ANALYZER_NONNULL = YES;
				CLANG_ANALYZER_NUMBER_OBJECT_CONVERSION = YES_AGGRESSIVE;
				CLANG_CXX_LANGUAGE_STANDARD = "gnu++20";
				CLANG_ENABLE_MODULES = YES;
				CLANG_ENABLE_OBJC_ARC = YES;
				CLANG_ENABLE_OBJC_WEAK = YES;
				CLANG_WARN_BLOCK_CAPTURE_AUTORELEASING = YES;
				CLANG_WARN_BOOL_CONVERSION = YES;
				CLANG_WARN_COMMA = YES;
				CLANG_WARN_CONSTANT_CONVERSION = YES;
				CLANG_WARN_DEPRECATED_OBJC_IMPLEMENTATIONS = YES;
				CLANG_WARN_DIRECT_OBJC_ISA_USAGE = YES_ERROR;
				CLANG_WARN_DOCUMENTATION_COMMENTS = YES;
				CLANG_WARN_EMPTY_BODY = YES;
				CLANG_WARN_ENUM_CONVERSION = YES;
				CLANG_WARN_INFINITE_RECURSION = YES;
				CLANG_WARN_INT_CONVERSION = YES;
				CLANG_WARN_NON_LITERAL_NULL_CONVERSION = YES;
				CLANG_WARN_OBJC_IMPLICIT_RETAIN_SELF = YES;
				CLANG_WARN_OBJC_LITERAL_CONVERSION = YES;
				CLANG_WARN_OBJC_ROOT_CLASS = YES_ERROR;
				CLANG_WARN_QUOTED_INCLUDE_IN_FRAMEWORK_HEADER = YES;
				CLANG_WARN_RANGE_LOOP_ANALYSIS = YES;
				CLANG_WARN_STRICT_PROTOTYPES = YES;
				CLANG_WARN_SUSPICIOUS_MOVE = YES;
				CLANG_WARN_UNGUARDED_AVAILABILITY = YES_AGGRESSIVE;
				CLANG_WARN_UNREACHABLE_CODE = YES;
				CLANG_WARN__DUPLICATE_METHOD_MATCH = YES;
				COPY_PHASE_STRIP = NO;
				DEBUG_INFORMATION_FORMAT = dwarf;
				ENABLE_STRICT_OBJC_MSGSEND = YES;
				ENABLE_TESTABILITY = YES;
				GCC_C_LANGUAGE_STANDARD = gnu11;
				GCC_DYNAMIC_NO_PIC = NO;
				GCC_NO_COMMON_BLOCKS = YES;
				GCC_OPTIMIZATION_LEVEL = 0;
				GCC_PREPROCESSOR_DEFINITIONS = (
					"DEBUG=1",
					"$(inherited)",
				);
				GCC_WARN_64_TO_32_BIT_CONVERSION = YES;
				GCC_WARN_ABOUT_RETURN_TYPE = YES_ERROR;
				GCC_WARN_UNDECLARED_SELECTOR = YES;
				GCC_WARN_UNINITIALIZED_AUTOS = YES_AGGRESSIVE;
				GCC_WARN_UNUSED_FUNCTION = YES;
				GCC_WARN_UNUSED_VARIABLE = YES;
				IPHONEOS_DEPLOYMENT_TARGET = 16.0;
				MTL_ENABLE_DEBUG_INFO = INCLUDE_SOURCE;
				MTL_FAST_MATH = YES;
				ONLY_ACTIVE_ARCH = YES;
				SDKROOT = iphoneos;
				SWIFT_ACTIVE_COMPILATION_CONDITIONS = DEBUG;
				SWIFT_OPTIMIZATION_LEVEL = "-Onone";
			};
			name = Debug;
		};
		18FB07FD28F1A53100F02855 /* Release */ = {
			isa = XCBuildConfiguration;
			buildSettings = {
				ALWAYS_SEARCH_USER_PATHS = NO;
				CLANG_ANALYZER_NONNULL = YES;
				CLANG_ANALYZER_NUMBER_OBJECT_CONVERSION = YES_AGGRESSIVE;
				CLANG_CXX_LANGUAGE_STANDARD = "gnu++20";
				CLANG_ENABLE_MODULES = YES;
				CLANG_ENABLE_OBJC_ARC = YES;
				CLANG_ENABLE_OBJC_WEAK = YES;
				CLANG_WARN_BLOCK_CAPTURE_AUTORELEASING = YES;
				CLANG_WARN_BOOL_CONVERSION = YES;
				CLANG_WARN_COMMA = YES;
				CLANG_WARN_CONSTANT_CONVERSION = YES;
				CLANG_WARN_DEPRECATED_OBJC_IMPLEMENTATIONS = YES;
				CLANG_WARN_DIRECT_OBJC_ISA_USAGE = YES_ERROR;
				CLANG_WARN_DOCUMENTATION_COMMENTS = YES;
				CLANG_WARN_EMPTY_BODY = YES;
				CLANG_WARN_ENUM_CONVERSION = YES;
				CLANG_WARN_INFINITE_RECURSION = YES;
				CLANG_WARN_INT_CONVERSION = YES;
				CLANG_WARN_NON_LITERAL_NULL_CONVERSION = YES;
				CLANG_WARN_OBJC_IMPLICIT_RETAIN_SELF = YES;
				CLANG_WARN_OBJC_LITERAL_CONVERSION = YES;
				CLANG_WARN_OBJC_ROOT_CLASS = YES_ERROR;
				CLANG_WARN_QUOTED_INCLUDE_IN_FRAMEWORK_HEADER = YES;
				CLANG_WARN_RANGE_LOOP_ANALYSIS = YES;
				CLANG_WARN_STRICT_PROTOTYPES = YES;
				CLANG_WARN_SUSPICIOUS_MOVE = YES;
				CLANG_WARN_UNGUARDED_AVAILABILITY = YES_AGGRESSIVE;
				CLANG_WARN_UNREACHABLE_CODE = YES;
				CLANG_WARN__DUPLICATE_METHOD_MATCH = YES;
				COPY_PHASE_STRIP = NO;
				DEBUG_INFORMATION_FORMAT = "dwarf-with-dsym";
				ENABLE_NS_ASSERTIONS = NO;
				ENABLE_STRICT_OBJC_MSGSEND = YES;
				GCC_C_LANGUAGE_STANDARD = gnu11;
				GCC_NO_COMMON_BLOCKS = YES;
				GCC_WARN_64_TO_32_BIT_CONVERSION = YES;
				GCC_WARN_ABOUT_RETURN_TYPE = YES_ERROR;
				GCC_WARN_UNDECLARED_SELECTOR = YES;
				GCC_WARN_UNINITIALIZED_AUTOS = YES_AGGRESSIVE;
				GCC_WARN_UNUSED_FUNCTION = YES;
				GCC_WARN_UNUSED_VARIABLE = YES;
				IPHONEOS_DEPLOYMENT_TARGET = 16.0;
				MTL_ENABLE_DEBUG_INFO = NO;
				MTL_FAST_MATH = YES;
				SDKROOT = iphoneos;
				SWIFT_COMPILATION_MODE = wholemodule;
				SWIFT_OPTIMIZATION_LEVEL = "-O";
				VALIDATE_PRODUCT = YES;
			};
			name = Release;
		};
		18FB07FF28F1A53100F02855 /* Debug */ = {
			isa = XCBuildConfiguration;
			baseConfigurationReference = AEB2C0E68F8DC247CAD7D4DB /* Pods-RedBook.debug.xcconfig */;
			buildSettings = {
				ASSETCATALOG_COMPILER_APPICON_NAME = AppIcon;
				ASSETCATALOG_COMPILER_GLOBAL_ACCENT_COLOR_NAME = AccentColor;
				CODE_SIGN_STYLE = Automatic;
				CURRENT_PROJECT_VERSION = 1;
				DEVELOPMENT_TEAM = JQM76K3G2N;
				GENERATE_INFOPLIST_FILE = YES;
				INFOPLIST_FILE = RedBook/Info.plist;
				INFOPLIST_KEY_UIApplicationSupportsIndirectInputEvents = YES;
				INFOPLIST_KEY_UILaunchStoryboardName = LaunchScreen;
				INFOPLIST_KEY_UIMainStoryboardFile = "";
				INFOPLIST_KEY_UISupportedInterfaceOrientations_iPad = "UIInterfaceOrientationPortrait UIInterfaceOrientationPortraitUpsideDown UIInterfaceOrientationLandscapeLeft UIInterfaceOrientationLandscapeRight";
				INFOPLIST_KEY_UISupportedInterfaceOrientations_iPhone = "UIInterfaceOrientationPortrait UIInterfaceOrientationLandscapeLeft UIInterfaceOrientationLandscapeRight";
				IPHONEOS_DEPLOYMENT_TARGET = 13.0;
				LD_RUNPATH_SEARCH_PATHS = (
					"$(inherited)",
					"@executable_path/Frameworks",
				);
				MARKETING_VERSION = 1.0;
				PRODUCT_BUNDLE_IDENTIFIER = com.whaley.RedBook;
				PRODUCT_NAME = "$(TARGET_NAME)";
				SWIFT_EMIT_LOC_STRINGS = YES;
				SWIFT_VERSION = 5.0;
				TARGETED_DEVICE_FAMILY = "1,2";
			};
			name = Debug;
		};
		18FB080028F1A53100F02855 /* Release */ = {
			isa = XCBuildConfiguration;
			baseConfigurationReference = 6B9B14FA361A722799CDB928 /* Pods-RedBook.release.xcconfig */;
			buildSettings = {
				ASSETCATALOG_COMPILER_APPICON_NAME = AppIcon;
				ASSETCATALOG_COMPILER_GLOBAL_ACCENT_COLOR_NAME = AccentColor;
				CODE_SIGN_STYLE = Automatic;
				CURRENT_PROJECT_VERSION = 1;
				DEVELOPMENT_TEAM = JQM76K3G2N;
				GENERATE_INFOPLIST_FILE = YES;
				INFOPLIST_FILE = RedBook/Info.plist;
				INFOPLIST_KEY_UIApplicationSupportsIndirectInputEvents = YES;
				INFOPLIST_KEY_UILaunchStoryboardName = LaunchScreen;
				INFOPLIST_KEY_UIMainStoryboardFile = "";
				INFOPLIST_KEY_UISupportedInterfaceOrientations_iPad = "UIInterfaceOrientationPortrait UIInterfaceOrientationPortraitUpsideDown UIInterfaceOrientationLandscapeLeft UIInterfaceOrientationLandscapeRight";
				INFOPLIST_KEY_UISupportedInterfaceOrientations_iPhone = "UIInterfaceOrientationPortrait UIInterfaceOrientationLandscapeLeft UIInterfaceOrientationLandscapeRight";
				IPHONEOS_DEPLOYMENT_TARGET = 13.0;
				LD_RUNPATH_SEARCH_PATHS = (
					"$(inherited)",
					"@executable_path/Frameworks",
				);
				MARKETING_VERSION = 1.0;
				PRODUCT_BUNDLE_IDENTIFIER = com.whaley.RedBook;
				PRODUCT_NAME = "$(TARGET_NAME)";
				SWIFT_EMIT_LOC_STRINGS = YES;
				SWIFT_VERSION = 5.0;
				TARGETED_DEVICE_FAMILY = "1,2";
			};
			name = Release;
		};
/* End XCBuildConfiguration section */

/* Begin XCConfigurationList section */
		18FB07E528F1A52E00F02855 /* Build configuration list for PBXProject "RedBook" */ = {
			isa = XCConfigurationList;
			buildConfigurations = (
				18FB07FC28F1A53100F02855 /* Debug */,
				18FB07FD28F1A53100F02855 /* Release */,
			);
			defaultConfigurationIsVisible = 0;
			defaultConfigurationName = Release;
		};
		18FB07FE28F1A53100F02855 /* Build configuration list for PBXNativeTarget "RedBook" */ = {
			isa = XCConfigurationList;
			buildConfigurations = (
				18FB07FF28F1A53100F02855 /* Debug */,
				18FB080028F1A53100F02855 /* Release */,
			);
			defaultConfigurationIsVisible = 0;
			defaultConfigurationName = Release;
		};
/* End XCConfigurationList section */
	};
	rootObject = 18FB07E228F1A52E00F02855 /* Project object */;
}
